{
  "version": "5",
  "remote": {
    "https://deno.land/std@0.224.0/async/delay.ts": "f90dd685b97c2f142b8069082993e437b1602b8e2561134827eeb7c12b95c499",
    "https://deno.land/std@0.224.0/http/server.ts": "f9313804bf6467a1704f45f76cb6cd0a3396a3b31c316035e6a4c2035d1ea514"
  },
  "workspace": {
    "packageJson": {
      "dependencies": [
        "npm:@babel/core@^7.28.0",
        "npm:@babel/plugin-transform-runtime@^7.28.0",
        "npm:@babel/preset-flow@^7.27.1",
        "npm:@babel/preset-typescript@^7.27.1",
        "npm:@babel/runtime@^7.27.6",
        "npm:@expo/config@^55.0.7",
        "npm:@expo/metro-runtime@~55.0.6",
        "npm:@hookform/resolvers@^5.2.2",
        "npm:@react-native-async-storage/async-storage@2.2.0",
        "npm:@react-native-community/cli-server-api@^18.0.1",
        "npm:@react-native-picker/picker@2.11.4",
        "npm:@react-native/metro-config@~0.74.89",
        "npm:@react-navigation/native@^7.1.6",
        "npm:@rn-primitives/portal@^1.3.0",
        "npm:@rn-primitives/separator@^1.2.0",
        "npm:@rn-primitives/slot@^1.2.0",
        "npm:@rnx-kit/metro-resolver-symlinks@~0.1.22",
        "npm:@sentry/react-native@^8.2.0",
        "npm:@supabase/supabase-js@^2.75.0",
        "npm:@tanstack/react-query@^5.83.0",
        "npm:@testing-library/dom@^10.4.1",
        "npm:@testing-library/jest-dom@^6.9.1",
        "npm:@testing-library/jest-native@^5.4.3",
        "npm:@testing-library/react-native@^13.2.0",
        "npm:@testing-library/react@^16.3.0",
        "npm:@types/jest@^29.5.12",
        "npm:@types/react@~19.2.10",
        "npm:@typescript-eslint/eslint-plugin@^8.56.1",
        "npm:@typescript-eslint/parser@^8.56.1",
        "npm:babel-jest@^29.7.0",
        "npm:babel-plugin-module-resolver@^5.0.2",
        "npm:babel-plugin-transform-flow-strip-types@^6.22.0",
        "npm:babel-preset-expo@~55.0.8",
        "npm:class-variance-authority@~0.7.1",
        "npm:clsx@^2.1.1",
        "npm:eslint-config-prettier@^10.1.5",
        "npm:eslint-plugin-react-hooks@^4.6.0",
        "npm:eslint-plugin-react-native@5",
        "npm:eslint-plugin-react@^7.34.1",
        "npm:eslint-plugin-testing-library@^6.2.0",
        "npm:eslint@^8.57.0",
        "npm:expo-application@~55.0.8",
        "npm:expo-constants@~55.0.7",
        "npm:expo-dev-client@~55.0.10",
        "npm:expo-device@~55.0.9",
        "npm:expo-font@~55.0.4",
        "npm:expo-glass-effect@~55.0.7",
        "npm:expo-haptics@~55.0.8",
        "npm:expo-linking@~55.0.7",
        "npm:expo-router@~55.0.3",
        "npm:expo-status-bar@~55.0.4",
        "npm:expo-updates@~55.0.12",
        "npm:expo@55",
        "npm:husky@^9.1.7",
        "npm:jest-expo@~55.0.9",
        "npm:jest@^29.7.0",
        "npm:lint-staged@^16.1.2",
        "npm:lucide-react-native@0.522",
        "npm:madge@8",
        "npm:metro-transform-worker@0.76",
        "npm:metro@~0.83.1",
        "npm:nativewind@^4.2.2",
        "npm:patch-package@8",
        "npm:phosphor-react-native@^2.3.1",
        "npm:posthog-react-native@^4.36.1",
        "npm:postinstall-postinstall@^2.1.0",
        "npm:prettier@^3.6.2",
        "npm:react-dom@19.2.0",
        "npm:react-hook-form@^7.71.2",
        "npm:react-native-circular-progress@^1.4.1",
        "npm:react-native-gesture-handler@2.30",
        "npm:react-native-picker-select@^9.3.1",
        "npm:react-native-purchases@^9.10.5",
        "npm:react-native-reanimated@4.2.1",
        "npm:react-native-safe-area-context@5.6",
        "npm:react-native-screens@4.23",
        "npm:react-native-svg@15.15.3",
        "npm:react-native-vector-icons@^10.2.0",
        "npm:react-native-web@0.21",
        "npm:react-native-worklets@0.7.2",
        "npm:react-native@0.83.2",
        "npm:react@19.2.0",
        "npm:tailwind-merge@^3.5.0",
        "npm:tailwindcss-animate@^1.0.7",
        "npm:tailwindcss@^3.4.19",
        "npm:ts-jest@^29.1.2",
        "npm:typescript@~5.9.2",
        "npm:zod@^3.25.76",
        "npm:zustand@^5.0.6"
      ]
    }
  }
}
